
Microsoft Visual Studio Solution File, Format Version 12.00
# Visual Studio Version 17
Project("{8BC9CEB8-8B4A-11D0-8D11-00A0C91BC942}") = "ALL_BUILD", "ALL_BUILD.vcxproj", "{F2CEA6D0-C6D4-3791-890C-FB9996CC04E7}"
	ProjectSection(ProjectDependencies) = postProject
		{438E3118-FBD1-336A-A81A-3F5FBD729CED} = {438E3118-FBD1-336A-A81A-3F5FBD729CED}
		{CD10B186-E53B-3E50-9D1C-2D99687A7D02} = {CD10B186-E53B-3E50-9D1C-2D99687A7D02}
		{172D4CDF-C045-3FAE-B6D4-552F9FA6A7D6} = {172D4CDF-C045-3FAE-B6D4-552F9FA6A7D6}
		{C8633EC5-5A85-3C84-B1C8-0E9946755C47} = {C8633EC5-5A85-3C84-B1C8-0E9946755C47}
		{9A2355BA-CAA9-3D02-A340-F2532FC09C8B} = {9A2355BA-CAA9-3D02-A340-F2532FC09C8B}
		{A3BFFA4F-4DD4-3A13-9311-33F149E6355E} = {A3BFFA4F-4DD4-3A13-9311-33F149E6355E}
		{45B80245-C0C1-3173-9F73-9E6210232E6C} = {45B80245-C0C1-3173-9F73-9E6210232E6C}
		{BEC0C1C0-EE94-3F89-874E-D80D00460B73} = {BEC0C1C0-EE94-3F89-874E-D80D00460B73}
		{D708EABE-80EA-361F-A52E-A810E2C60877} = {D708EABE-80EA-361F-A52E-A810E2C60877}
		{809DDED0-E465-3ABC-9C1A-BE5EFBE70A16} = {809DDED0-E465-3ABC-9C1A-BE5EFBE70A16}
		{B8D37967-475E-3502-8BC7-27EE67362727} = {B8D37967-475E-3502-8BC7-27EE67362727}
		{2397513F-253E-35CD-9778-300CF6FE4BF0} = {2397513F-253E-35CD-9778-300CF6FE4BF0}
		{A22DA8E7-D835-3FE6-8B06-DF30FD07AF30} = {A22DA8E7-D835-3FE6-8B06-DF30FD07AF30}
		{740659D5-3BC5-3CD4-ADC1-DD0B6F2CE99D} = {740659D5-3BC5-3CD4-ADC1-DD0B6F2CE99D}
		{F6062649-8129-3883-BC2E-59E7D2A90BE8} = {F6062649-8129-3883-BC2E-59E7D2A90BE8}
		{E7993BB6-AEDE-3B54-862A-C2E5AA042E16} = {E7993BB6-AEDE-3B54-862A-C2E5AA042E16}
		{EA50B499-4062-31E3-874E-6776AB741D2C} = {EA50B499-4062-31E3-874E-6776AB741D2C}
		{FF2A14B2-9E1D-33B1-A2C0-D83F75B83AE6} = {FF2A14B2-9E1D-33B1-A2C0-D83F75B83AE6}
		{6CC700E1-F7A3-3E50-913A-FE806A76DACB} = {6CC700E1-F7A3-3E50-913A-FE806A76DACB}
		{CB5354DC-25AD-330B-931F-55A03F0450E9} = {CB5354DC-25AD-330B-931F-55A03F0450E9}
		{E0556E0A-8581-32A9-B2BD-9CE78A64A483} = {E0556E0A-8581-32A9-B2BD-9CE78A64A483}
		{937F54B6-E694-37BF-98CF-EBE9B44C5426} = {937F54B6-E694-37BF-98CF-EBE9B44C5426}
		{D7462CFA-A173-3AFF-8C31-2D43C905E3AF} = {D7462CFA-A173-3AFF-8C31-2D43C905E3AF}
		{416978DD-5749-3FDD-B770-E14C766C4C03} = {416978DD-5749-3FDD-B770-E14C766C4C03}
		{E97DF51E-6768-3C26-B5F1-B4AF3BD02A03} = {E97DF51E-6768-3C26-B5F1-B4AF3BD02A03}
		{DAE8E64F-EE99-34C2-8085-9F83537A85F0} = {DAE8E64F-EE99-34C2-8085-9F83537A85F0}
		{09D7DB18-0306-3862-9EA4-D8B02EB4873C} = {09D7DB18-0306-3862-9EA4-D8B02EB4873C}
		{0DC3CE77-A77C-3A93-8699-8815A0F5B97F} = {0DC3CE77-A77C-3A93-8699-8815A0F5B97F}
		{430AD7A8-0D6B-3C78-86EF-D1CC9E3FA79A} = {430AD7A8-0D6B-3C78-86EF-D1CC9E3FA79A}
		{BB65AA74-2CE2-3A17-AA3A-1B3941D3EA46} = {BB65AA74-2CE2-3A17-AA3A-1B3941D3EA46}
		{1BF019A8-3159-3BE6-B5D4-2BC27F181E79} = {1BF019A8-3159-3BE6-B5D4-2BC27F181E79}
	EndProjectSection
EndProject
Project("{8BC9CEB8-8B4A-11D0-8D11-00A0C91BC942}") = "INSTALL", "INSTALL.vcxproj", "{524E51AD-1C3F-3C33-95C6-6EC1B8A3116C}"
	ProjectSection(ProjectDependencies) = postProject
		{F2CEA6D0-C6D4-3791-890C-FB9996CC04E7} = {F2CEA6D0-C6D4-3791-890C-FB9996CC04E7}
		{438E3118-FBD1-336A-A81A-3F5FBD729CED} = {438E3118-FBD1-336A-A81A-3F5FBD729CED}
	EndProjectSection
EndProject
Project("{8BC9CEB8-8B4A-11D0-8D11-00A0C91BC942}") = "RUN_TESTS", "RUN_TESTS.vcxproj", "{57980C76-0A3B-3C93-B0CB-5C964B42765F}"
	ProjectSection(ProjectDependencies) = postProject
		{438E3118-FBD1-336A-A81A-3F5FBD729CED} = {438E3118-FBD1-336A-A81A-3F5FBD729CED}
	EndProjectSection
EndProject
Project("{8BC9CEB8-8B4A-11D0-8D11-00A0C91BC942}") = "ZERO_CHECK", "ZERO_CHECK.vcxproj", "{438E3118-FBD1-336A-A81A-3F5FBD729CED}"
	ProjectSection(ProjectDependencies) = postProject
	EndProjectSection
EndProject
Project("{8BC9CEB8-8B4A-11D0-8D11-00A0C91BC942}") = "addtiffo", "contrib\addtiffo\addtiffo.vcxproj", "{CD10B186-E53B-3E50-9D1C-2D99687A7D02}"
	ProjectSection(ProjectDependencies) = postProject
		{438E3118-FBD1-336A-A81A-3F5FBD729CED} = {438E3118-FBD1-336A-A81A-3F5FBD729CED}
		{6CC700E1-F7A3-3E50-913A-FE806A76DACB} = {6CC700E1-F7A3-3E50-913A-FE806A76DACB}
		{E97DF51E-6768-3C26-B5F1-B4AF3BD02A03} = {E97DF51E-6768-3C26-B5F1-B4AF3BD02A03}
	EndProjectSection
EndProject
Project("{8BC9CEB8-8B4A-11D0-8D11-00A0C91BC942}") = "ascii_tag", "test\ascii_tag.vcxproj", "{172D4CDF-C045-3FAE-B6D4-552F9FA6A7D6}"
	ProjectSection(ProjectDependencies) = postProject
		{438E3118-FBD1-336A-A81A-3F5FBD729CED} = {438E3118-FBD1-336A-A81A-3F5FBD729CED}
		{6CC700E1-F7A3-3E50-913A-FE806A76DACB} = {6CC700E1-F7A3-3E50-913A-FE806A76DACB}
		{E97DF51E-6768-3C26-B5F1-B4AF3BD02A03} = {E97DF51E-6768-3C26-B5F1-B4AF3BD02A03}
	EndProjectSection
EndProject
Project("{8BC9CEB8-8B4A-11D0-8D11-00A0C91BC942}") = "custom_dir", "test\custom_dir.vcxproj", "{C8633EC5-5A85-3C84-B1C8-0E9946755C47}"
	ProjectSection(ProjectDependencies) = postProject
		{438E3118-FBD1-336A-A81A-3F5FBD729CED} = {438E3118-FBD1-336A-A81A-3F5FBD729CED}
		{6CC700E1-F7A3-3E50-913A-FE806A76DACB} = {6CC700E1-F7A3-3E50-913A-FE806A76DACB}
		{E97DF51E-6768-3C26-B5F1-B4AF3BD02A03} = {E97DF51E-6768-3C26-B5F1-B4AF3BD02A03}
	EndProjectSection
EndProject
Project("{8BC9CEB8-8B4A-11D0-8D11-00A0C91BC942}") = "custom_dir_EXIF_231", "test\custom_dir_EXIF_231.vcxproj", "{9A2355BA-CAA9-3D02-A340-F2532FC09C8B}"
	ProjectSection(ProjectDependencies) = postProject
		{438E3118-FBD1-336A-A81A-3F5FBD729CED} = {438E3118-FBD1-336A-A81A-3F5FBD729CED}
		{6CC700E1-F7A3-3E50-913A-FE806A76DACB} = {6CC700E1-F7A3-3E50-913A-FE806A76DACB}
		{E97DF51E-6768-3C26-B5F1-B4AF3BD02A03} = {E97DF51E-6768-3C26-B5F1-B4AF3BD02A03}
	EndProjectSection
EndProject
Project("{8BC9CEB8-8B4A-11D0-8D11-00A0C91BC942}") = "defer_strile_loading", "test\defer_strile_loading.vcxproj", "{A3BFFA4F-4DD4-3A13-9311-33F149E6355E}"
	ProjectSection(ProjectDependencies) = postProject
		{438E3118-FBD1-336A-A81A-3F5FBD729CED} = {438E3118-FBD1-336A-A81A-3F5FBD729CED}
		{6CC700E1-F7A3-3E50-913A-FE806A76DACB} = {6CC700E1-F7A3-3E50-913A-FE806A76DACB}
		{E97DF51E-6768-3C26-B5F1-B4AF3BD02A03} = {E97DF51E-6768-3C26-B5F1-B4AF3BD02A03}
	EndProjectSection
EndProject
Project("{8BC9CEB8-8B4A-11D0-8D11-00A0C91BC942}") = "defer_strile_writing", "test\defer_strile_writing.vcxproj", "{45B80245-C0C1-3173-9F73-9E6210232E6C}"
	ProjectSection(ProjectDependencies) = postProject
		{438E3118-FBD1-336A-A81A-3F5FBD729CED} = {438E3118-FBD1-336A-A81A-3F5FBD729CED}
		{6CC700E1-F7A3-3E50-913A-FE806A76DACB} = {6CC700E1-F7A3-3E50-913A-FE806A76DACB}
		{E97DF51E-6768-3C26-B5F1-B4AF3BD02A03} = {E97DF51E-6768-3C26-B5F1-B4AF3BD02A03}
	EndProjectSection
EndProject
Project("{8BC9CEB8-8B4A-11D0-8D11-00A0C91BC942}") = "iptcutil", "contrib\iptcutil\iptcutil.vcxproj", "{BEC0C1C0-EE94-3F89-874E-D80D00460B73}"
	ProjectSection(ProjectDependencies) = postProject
		{438E3118-FBD1-336A-A81A-3F5FBD729CED} = {438E3118-FBD1-336A-A81A-3F5FBD729CED}
		{6CC700E1-F7A3-3E50-913A-FE806A76DACB} = {6CC700E1-F7A3-3E50-913A-FE806A76DACB}
		{E97DF51E-6768-3C26-B5F1-B4AF3BD02A03} = {E97DF51E-6768-3C26-B5F1-B4AF3BD02A03}
	EndProjectSection
EndProject
Project("{8BC9CEB8-8B4A-11D0-8D11-00A0C91BC942}") = "long_tag", "test\long_tag.vcxproj", "{D708EABE-80EA-361F-A52E-A810E2C60877}"
	ProjectSection(ProjectDependencies) = postProject
		{438E3118-FBD1-336A-A81A-3F5FBD729CED} = {438E3118-FBD1-336A-A81A-3F5FBD729CED}
		{6CC700E1-F7A3-3E50-913A-FE806A76DACB} = {6CC700E1-F7A3-3E50-913A-FE806A76DACB}
		{E97DF51E-6768-3C26-B5F1-B4AF3BD02A03} = {E97DF51E-6768-3C26-B5F1-B4AF3BD02A03}
	EndProjectSection
EndProject
Project("{8BC9CEB8-8B4A-11D0-8D11-00A0C91BC942}") = "rewrite", "test\rewrite.vcxproj", "{809DDED0-E465-3ABC-9C1A-BE5EFBE70A16}"
	ProjectSection(ProjectDependencies) = postProject
		{438E3118-FBD1-336A-A81A-3F5FBD729CED} = {438E3118-FBD1-336A-A81A-3F5FBD729CED}
		{6CC700E1-F7A3-3E50-913A-FE806A76DACB} = {6CC700E1-F7A3-3E50-913A-FE806A76DACB}
		{E97DF51E-6768-3C26-B5F1-B4AF3BD02A03} = {E97DF51E-6768-3C26-B5F1-B4AF3BD02A03}
	EndProjectSection
EndProject
Project("{8BC9CEB8-8B4A-11D0-8D11-00A0C91BC942}") = "short_tag", "test\short_tag.vcxproj", "{B8D37967-475E-3502-8BC7-27EE67362727}"
	ProjectSection(ProjectDependencies) = postProject
		{438E3118-FBD1-336A-A81A-3F5FBD729CED} = {438E3118-FBD1-336A-A81A-3F5FBD729CED}
		{6CC700E1-F7A3-3E50-913A-FE806A76DACB} = {6CC700E1-F7A3-3E50-913A-FE806A76DACB}
		{E97DF51E-6768-3C26-B5F1-B4AF3BD02A03} = {E97DF51E-6768-3C26-B5F1-B4AF3BD02A03}
	EndProjectSection
EndProject
Project("{8BC9CEB8-8B4A-11D0-8D11-00A0C91BC942}") = "strip_rw", "test\strip_rw.vcxproj", "{2397513F-253E-35CD-9778-300CF6FE4BF0}"
	ProjectSection(ProjectDependencies) = postProject
		{438E3118-FBD1-336A-A81A-3F5FBD729CED} = {438E3118-FBD1-336A-A81A-3F5FBD729CED}
		{6CC700E1-F7A3-3E50-913A-FE806A76DACB} = {6CC700E1-F7A3-3E50-913A-FE806A76DACB}
		{E97DF51E-6768-3C26-B5F1-B4AF3BD02A03} = {E97DF51E-6768-3C26-B5F1-B4AF3BD02A03}
	EndProjectSection
EndProject
Project("{8BC9CEB8-8B4A-11D0-8D11-00A0C91BC942}") = "test_append_to_strip", "test\test_append_to_strip.vcxproj", "{A22DA8E7-D835-3FE6-8B06-DF30FD07AF30}"
	ProjectSection(ProjectDependencies) = postProject
		{438E3118-FBD1-336A-A81A-3F5FBD729CED} = {438E3118-FBD1-336A-A81A-3F5FBD729CED}
		{6CC700E1-F7A3-3E50-913A-FE806A76DACB} = {6CC700E1-F7A3-3E50-913A-FE806A76DACB}
		{E97DF51E-6768-3C26-B5F1-B4AF3BD02A03} = {E97DF51E-6768-3C26-B5F1-B4AF3BD02A03}
	EndProjectSection
EndProject
Project("{8BC9CEB8-8B4A-11D0-8D11-00A0C91BC942}") = "test_directory", "test\test_directory.vcxproj", "{740659D5-3BC5-3CD4-ADC1-DD0B6F2CE99D}"
	ProjectSection(ProjectDependencies) = postProject
		{438E3118-FBD1-336A-A81A-3F5FBD729CED} = {438E3118-FBD1-336A-A81A-3F5FBD729CED}
		{6CC700E1-F7A3-3E50-913A-FE806A76DACB} = {6CC700E1-F7A3-3E50-913A-FE806A76DACB}
		{E97DF51E-6768-3C26-B5F1-B4AF3BD02A03} = {E97DF51E-6768-3C26-B5F1-B4AF3BD02A03}
	EndProjectSection
EndProject
Project("{8BC9CEB8-8B4A-11D0-8D11-00A0C91BC942}") = "test_ifd_loop_detection", "test\test_ifd_loop_detection.vcxproj", "{F6062649-8129-3883-BC2E-59E7D2A90BE8}"
	ProjectSection(ProjectDependencies) = postProject
		{438E3118-FBD1-336A-A81A-3F5FBD729CED} = {438E3118-FBD1-336A-A81A-3F5FBD729CED}
		{6CC700E1-F7A3-3E50-913A-FE806A76DACB} = {6CC700E1-F7A3-3E50-913A-FE806A76DACB}
		{E97DF51E-6768-3C26-B5F1-B4AF3BD02A03} = {E97DF51E-6768-3C26-B5F1-B4AF3BD02A03}
	EndProjectSection
EndProject
Project("{8BC9CEB8-8B4A-11D0-8D11-00A0C91BC942}") = "test_open_options", "test\test_open_options.vcxproj", "{E7993BB6-AEDE-3B54-862A-C2E5AA042E16}"
	ProjectSection(ProjectDependencies) = postProject
		{438E3118-FBD1-336A-A81A-3F5FBD729CED} = {438E3118-FBD1-336A-A81A-3F5FBD729CED}
		{6CC700E1-F7A3-3E50-913A-FE806A76DACB} = {6CC700E1-F7A3-3E50-913A-FE806A76DACB}
		{E97DF51E-6768-3C26-B5F1-B4AF3BD02A03} = {E97DF51E-6768-3C26-B5F1-B4AF3BD02A03}
	EndProjectSection
EndProject
Project("{8BC9CEB8-8B4A-11D0-8D11-00A0C91BC942}") = "test_signed_tags", "test\test_signed_tags.vcxproj", "{EA50B499-4062-31E3-874E-6776AB741D2C}"
	ProjectSection(ProjectDependencies) = postProject
		{438E3118-FBD1-336A-A81A-3F5FBD729CED} = {438E3118-FBD1-336A-A81A-3F5FBD729CED}
		{6CC700E1-F7A3-3E50-913A-FE806A76DACB} = {6CC700E1-F7A3-3E50-913A-FE806A76DACB}
		{E97DF51E-6768-3C26-B5F1-B4AF3BD02A03} = {E97DF51E-6768-3C26-B5F1-B4AF3BD02A03}
	EndProjectSection
EndProject
Project("{8BC9CEB8-8B4A-11D0-8D11-00A0C91BC942}") = "testtypes", "test\testtypes.vcxproj", "{FF2A14B2-9E1D-33B1-A2C0-D83F75B83AE6}"
	ProjectSection(ProjectDependencies) = postProject
		{438E3118-FBD1-336A-A81A-3F5FBD729CED} = {438E3118-FBD1-336A-A81A-3F5FBD729CED}
		{6CC700E1-F7A3-3E50-913A-FE806A76DACB} = {6CC700E1-F7A3-3E50-913A-FE806A76DACB}
		{E97DF51E-6768-3C26-B5F1-B4AF3BD02A03} = {E97DF51E-6768-3C26-B5F1-B4AF3BD02A03}
	EndProjectSection
EndProject
Project("{8BC9CEB8-8B4A-11D0-8D11-00A0C91BC942}") = "tiff", "libtiff\tiff.vcxproj", "{6CC700E1-F7A3-3E50-913A-FE806A76DACB}"
	ProjectSection(ProjectDependencies) = postProject
		{438E3118-FBD1-336A-A81A-3F5FBD729CED} = {438E3118-FBD1-336A-A81A-3F5FBD729CED}
	EndProjectSection
EndProject
Project("{8BC9CEB8-8B4A-11D0-8D11-00A0C91BC942}") = "tiff-bi", "contrib\dbs\tiff-bi.vcxproj", "{CB5354DC-25AD-330B-931F-55A03F0450E9}"
	ProjectSection(ProjectDependencies) = postProject
		{438E3118-FBD1-336A-A81A-3F5FBD729CED} = {438E3118-FBD1-336A-A81A-3F5FBD729CED}
		{6CC700E1-F7A3-3E50-913A-FE806A76DACB} = {6CC700E1-F7A3-3E50-913A-FE806A76DACB}
		{E97DF51E-6768-3C26-B5F1-B4AF3BD02A03} = {E97DF51E-6768-3C26-B5F1-B4AF3BD02A03}
	EndProjectSection
EndProject
Project("{8BC9CEB8-8B4A-11D0-8D11-00A0C91BC942}") = "tiff-grayscale", "contrib\dbs\tiff-grayscale.vcxproj", "{E0556E0A-8581-32A9-B2BD-9CE78A64A483}"
	ProjectSection(ProjectDependencies) = postProject
		{438E3118-FBD1-336A-A81A-3F5FBD729CED} = {438E3118-FBD1-336A-A81A-3F5FBD729CED}
		{6CC700E1-F7A3-3E50-913A-FE806A76DACB} = {6CC700E1-F7A3-3E50-913A-FE806A76DACB}
		{E97DF51E-6768-3C26-B5F1-B4AF3BD02A03} = {E97DF51E-6768-3C26-B5F1-B4AF3BD02A03}
	EndProjectSection
EndProject
Project("{8BC9CEB8-8B4A-11D0-8D11-00A0C91BC942}") = "tiff-palette", "contrib\dbs\tiff-palette.vcxproj", "{937F54B6-E694-37BF-98CF-EBE9B44C5426}"
	ProjectSection(ProjectDependencies) = postProject
		{438E3118-FBD1-336A-A81A-3F5FBD729CED} = {438E3118-FBD1-336A-A81A-3F5FBD729CED}
		{6CC700E1-F7A3-3E50-913A-FE806A76DACB} = {6CC700E1-F7A3-3E50-913A-FE806A76DACB}
		{E97DF51E-6768-3C26-B5F1-B4AF3BD02A03} = {E97DF51E-6768-3C26-B5F1-B4AF3BD02A03}
	EndProjectSection
EndProject
Project("{8BC9CEB8-8B4A-11D0-8D11-00A0C91BC942}") = "tiff-rgb", "contrib\dbs\tiff-rgb.vcxproj", "{D7462CFA-A173-3AFF-8C31-2D43C905E3AF}"
	ProjectSection(ProjectDependencies) = postProject
		{438E3118-FBD1-336A-A81A-3F5FBD729CED} = {438E3118-FBD1-336A-A81A-3F5FBD729CED}
		{6CC700E1-F7A3-3E50-913A-FE806A76DACB} = {6CC700E1-F7A3-3E50-913A-FE806A76DACB}
		{E97DF51E-6768-3C26-B5F1-B4AF3BD02A03} = {E97DF51E-6768-3C26-B5F1-B4AF3BD02A03}
	EndProjectSection
EndProject
Project("{8BC9CEB8-8B4A-11D0-8D11-00A0C91BC942}") = "tiff_faxtable", "libtiff\tiff_faxtable.vcxproj", "{0AB0AF5C-0AF2-398C-927B-81541252BFDB}"
	ProjectSection(ProjectDependencies) = postProject
		{438E3118-FBD1-336A-A81A-3F5FBD729CED} = {438E3118-FBD1-336A-A81A-3F5FBD729CED}
		{416978DD-5749-3FDD-B770-E14C766C4C03} = {416978DD-5749-3FDD-B770-E14C766C4C03}
	EndProjectSection
EndProject
Project("{8BC9CEB8-8B4A-11D0-8D11-00A0C91BC942}") = "tiff_mkg3states", "libtiff\tiff_mkg3states.vcxproj", "{416978DD-5749-3FDD-B770-E14C766C4C03}"
	ProjectSection(ProjectDependencies) = postProject
		{438E3118-FBD1-336A-A81A-3F5FBD729CED} = {438E3118-FBD1-336A-A81A-3F5FBD729CED}
		{6CC700E1-F7A3-3E50-913A-FE806A76DACB} = {6CC700E1-F7A3-3E50-913A-FE806A76DACB}
		{E97DF51E-6768-3C26-B5F1-B4AF3BD02A03} = {E97DF51E-6768-3C26-B5F1-B4AF3BD02A03}
	EndProjectSection
EndProject
Project("{8BC9CEB8-8B4A-11D0-8D11-00A0C91BC942}") = "tiff_port", "port\tiff_port.vcxproj", "{E97DF51E-6768-3C26-B5F1-B4AF3BD02A03}"
	ProjectSection(ProjectDependencies) = postProject
		{438E3118-FBD1-336A-A81A-3F5FBD729CED} = {438E3118-FBD1-336A-A81A-3F5FBD729CED}
	EndProjectSection
EndProject
Project("{8BC9CEB8-8B4A-11D0-8D11-00A0C91BC942}") = "tiff_release", "tiff_release.vcxproj", "{734AA9A9-0238-311B-A95A-F8189F51A980}"
	ProjectSection(ProjectDependencies) = postProject
		{438E3118-FBD1-336A-A81A-3F5FBD729CED} = {438E3118-FBD1-336A-A81A-3F5FBD729CED}
	EndProjectSection
EndProject
Project("{8BC9CEB8-8B4A-11D0-8D11-00A0C91BC942}") = "tiffcp", "tools\tiffcp.vcxproj", "{DAE8E64F-EE99-34C2-8085-9F83537A85F0}"
	ProjectSection(ProjectDependencies) = postProject
		{438E3118-FBD1-336A-A81A-3F5FBD729CED} = {438E3118-FBD1-336A-A81A-3F5FBD729CED}
		{6CC700E1-F7A3-3E50-913A-FE806A76DACB} = {6CC700E1-F7A3-3E50-913A-FE806A76DACB}
		{E97DF51E-6768-3C26-B5F1-B4AF3BD02A03} = {E97DF51E-6768-3C26-B5F1-B4AF3BD02A03}
	EndProjectSection
EndProject
Project("{8BC9CEB8-8B4A-11D0-8D11-00A0C91BC942}") = "tiffdump", "tools\tiffdump.vcxproj", "{09D7DB18-0306-3862-9EA4-D8B02EB4873C}"
	ProjectSection(ProjectDependencies) = postProject
		{438E3118-FBD1-336A-A81A-3F5FBD729CED} = {438E3118-FBD1-336A-A81A-3F5FBD729CED}
		{6CC700E1-F7A3-3E50-913A-FE806A76DACB} = {6CC700E1-F7A3-3E50-913A-FE806A76DACB}
		{E97DF51E-6768-3C26-B5F1-B4AF3BD02A03} = {E97DF51E-6768-3C26-B5F1-B4AF3BD02A03}
	EndProjectSection
EndProject
Project("{8BC9CEB8-8B4A-11D0-8D11-00A0C91BC942}") = "tiffinfo", "tools\tiffinfo.vcxproj", "{0DC3CE77-A77C-3A93-8699-8815A0F5B97F}"
	ProjectSection(ProjectDependencies) = postProject
		{438E3118-FBD1-336A-A81A-3F5FBD729CED} = {438E3118-FBD1-336A-A81A-3F5FBD729CED}
		{6CC700E1-F7A3-3E50-913A-FE806A76DACB} = {6CC700E1-F7A3-3E50-913A-FE806A76DACB}
		{E97DF51E-6768-3C26-B5F1-B4AF3BD02A03} = {E97DF51E-6768-3C26-B5F1-B4AF3BD02A03}
	EndProjectSection
EndProject
Project("{8BC9CEB8-8B4A-11D0-8D11-00A0C91BC942}") = "tiffset", "tools\tiffset.vcxproj", "{430AD7A8-0D6B-3C78-86EF-D1CC9E3FA79A}"
	ProjectSection(ProjectDependencies) = postProject
		{438E3118-FBD1-336A-A81A-3F5FBD729CED} = {438E3118-FBD1-336A-A81A-3F5FBD729CED}
		{6CC700E1-F7A3-3E50-913A-FE806A76DACB} = {6CC700E1-F7A3-3E50-913A-FE806A76DACB}
		{E97DF51E-6768-3C26-B5F1-B4AF3BD02A03} = {E97DF51E-6768-3C26-B5F1-B4AF3BD02A03}
	EndProjectSection
EndProject
Project("{8BC9CEB8-8B4A-11D0-8D11-00A0C91BC942}") = "tiffsplit", "tools\tiffsplit.vcxproj", "{BB65AA74-2CE2-3A17-AA3A-1B3941D3EA46}"
	ProjectSection(ProjectDependencies) = postProject
		{438E3118-FBD1-336A-A81A-3F5FBD729CED} = {438E3118-FBD1-336A-A81A-3F5FBD729CED}
		{6CC700E1-F7A3-3E50-913A-FE806A76DACB} = {6CC700E1-F7A3-3E50-913A-FE806A76DACB}
		{E97DF51E-6768-3C26-B5F1-B4AF3BD02A03} = {E97DF51E-6768-3C26-B5F1-B4AF3BD02A03}
	EndProjectSection
EndProject
Project("{8BC9CEB8-8B4A-11D0-8D11-00A0C91BC942}") = "tiffxx", "libtiff\tiffxx.vcxproj", "{1BF019A8-3159-3BE6-B5D4-2BC27F181E79}"
	ProjectSection(ProjectDependencies) = postProject
		{438E3118-FBD1-336A-A81A-3F5FBD729CED} = {438E3118-FBD1-336A-A81A-3F5FBD729CED}
		{6CC700E1-F7A3-3E50-913A-FE806A76DACB} = {6CC700E1-F7A3-3E50-913A-FE806A76DACB}
	EndProjectSection
EndProject
Global
	GlobalSection(SolutionConfigurationPlatforms) = preSolution
		Debug|x64 = Debug|x64
		Release|x64 = Release|x64
		MinSizeRel|x64 = MinSizeRel|x64
		RelWithDebInfo|x64 = RelWithDebInfo|x64
	EndGlobalSection
	GlobalSection(ProjectConfigurationPlatforms) = postSolution
		{F2CEA6D0-C6D4-3791-890C-FB9996CC04E7}.Debug|x64.ActiveCfg = Debug|x64
		{F2CEA6D0-C6D4-3791-890C-FB9996CC04E7}.Debug|x64.Build.0 = Debug|x64
		{F2CEA6D0-C6D4-3791-890C-FB9996CC04E7}.Release|x64.ActiveCfg = Release|x64
		{F2CEA6D0-C6D4-3791-890C-FB9996CC04E7}.Release|x64.Build.0 = Release|x64
		{F2CEA6D0-C6D4-3791-890C-FB9996CC04E7}.MinSizeRel|x64.ActiveCfg = MinSizeRel|x64
		{F2CEA6D0-C6D4-3791-890C-FB9996CC04E7}.MinSizeRel|x64.Build.0 = MinSizeRel|x64
		{F2CEA6D0-C6D4-3791-890C-FB9996CC04E7}.RelWithDebInfo|x64.ActiveCfg = RelWithDebInfo|x64
		{F2CEA6D0-C6D4-3791-890C-FB9996CC04E7}.RelWithDebInfo|x64.Build.0 = RelWithDebInfo|x64
		{524E51AD-1C3F-3C33-95C6-6EC1B8A3116C}.Debug|x64.ActiveCfg = Debug|x64
		{524E51AD-1C3F-3C33-95C6-6EC1B8A3116C}.Release|x64.ActiveCfg = Release|x64
		{524E51AD-1C3F-3C33-95C6-6EC1B8A3116C}.MinSizeRel|x64.ActiveCfg = MinSizeRel|x64
		{524E51AD-1C3F-3C33-95C6-6EC1B8A3116C}.RelWithDebInfo|x64.ActiveCfg = RelWithDebInfo|x64
		{57980C76-0A3B-3C93-B0CB-5C964B42765F}.Debug|x64.ActiveCfg = Debug|x64
		{57980C76-0A3B-3C93-B0CB-5C964B42765F}.Release|x64.ActiveCfg = Release|x64
		{57980C76-0A3B-3C93-B0CB-5C964B42765F}.MinSizeRel|x64.ActiveCfg = MinSizeRel|x64
		{57980C76-0A3B-3C93-B0CB-5C964B42765F}.RelWithDebInfo|x64.ActiveCfg = RelWithDebInfo|x64
		{438E3118-FBD1-336A-A81A-3F5FBD729CED}.Debug|x64.ActiveCfg = Debug|x64
		{438E3118-FBD1-336A-A81A-3F5FBD729CED}.Debug|x64.Build.0 = Debug|x64
		{438E3118-FBD1-336A-A81A-3F5FBD729CED}.Release|x64.ActiveCfg = Release|x64
		{438E3118-FBD1-336A-A81A-3F5FBD729CED}.Release|x64.Build.0 = Release|x64
		{438E3118-FBD1-336A-A81A-3F5FBD729CED}.MinSizeRel|x64.ActiveCfg = MinSizeRel|x64
		{438E3118-FBD1-336A-A81A-3F5FBD729CED}.MinSizeRel|x64.Build.0 = MinSizeRel|x64
		{438E3118-FBD1-336A-A81A-3F5FBD729CED}.RelWithDebInfo|x64.ActiveCfg = RelWithDebInfo|x64
		{438E3118-FBD1-336A-A81A-3F5FBD729CED}.RelWithDebInfo|x64.Build.0 = RelWithDebInfo|x64
		{CD10B186-E53B-3E50-9D1C-2D99687A7D02}.Debug|x64.ActiveCfg = Debug|x64
		{CD10B186-E53B-3E50-9D1C-2D99687A7D02}.Debug|x64.Build.0 = Debug|x64
		{CD10B186-E53B-3E50-9D1C-2D99687A7D02}.Release|x64.ActiveCfg = Release|x64
		{CD10B186-E53B-3E50-9D1C-2D99687A7D02}.Release|x64.Build.0 = Release|x64
		{CD10B186-E53B-3E50-9D1C-2D99687A7D02}.MinSizeRel|x64.ActiveCfg = MinSizeRel|x64
		{CD10B186-E53B-3E50-9D1C-2D99687A7D02}.MinSizeRel|x64.Build.0 = MinSizeRel|x64
		{CD10B186-E53B-3E50-9D1C-2D99687A7D02}.RelWithDebInfo|x64.ActiveCfg = RelWithDebInfo|x64
		{CD10B186-E53B-3E50-9D1C-2D99687A7D02}.RelWithDebInfo|x64.Build.0 = RelWithDebInfo|x64
		{172D4CDF-C045-3FAE-B6D4-552F9FA6A7D6}.Debug|x64.ActiveCfg = Debug|x64
		{172D4CDF-C045-3FAE-B6D4-552F9FA6A7D6}.Debug|x64.Build.0 = Debug|x64
		{172D4CDF-C045-3FAE-B6D4-552F9FA6A7D6}.Release|x64.ActiveCfg = Release|x64
		{172D4CDF-C045-3FAE-B6D4-552F9FA6A7D6}.Release|x64.Build.0 = Release|x64
		{172D4CDF-C045-3FAE-B6D4-552F9FA6A7D6}.MinSizeRel|x64.ActiveCfg = MinSizeRel|x64
		{172D4CDF-C045-3FAE-B6D4-552F9FA6A7D6}.MinSizeRel|x64.Build.0 = MinSizeRel|x64
		{172D4CDF-C045-3FAE-B6D4-552F9FA6A7D6}.RelWithDebInfo|x64.ActiveCfg = RelWithDebInfo|x64
		{172D4CDF-C045-3FAE-B6D4-552F9FA6A7D6}.RelWithDebInfo|x64.Build.0 = RelWithDebInfo|x64
		{C8633EC5-5A85-3C84-B1C8-0E9946755C47}.Debug|x64.ActiveCfg = Debug|x64
		{C8633EC5-5A85-3C84-B1C8-0E9946755C47}.Debug|x64.Build.0 = Debug|x64
		{C8633EC5-5A85-3C84-B1C8-0E9946755C47}.Release|x64.ActiveCfg = Release|x64
		{C8633EC5-5A85-3C84-B1C8-0E9946755C47}.Release|x64.Build.0 = Release|x64
		{C8633EC5-5A85-3C84-B1C8-0E9946755C47}.MinSizeRel|x64.ActiveCfg = MinSizeRel|x64
		{C8633EC5-5A85-3C84-B1C8-0E9946755C47}.MinSizeRel|x64.Build.0 = MinSizeRel|x64
		{C8633EC5-5A85-3C84-B1C8-0E9946755C47}.RelWithDebInfo|x64.ActiveCfg = RelWithDebInfo|x64
		{C8633EC5-5A85-3C84-B1C8-0E9946755C47}.RelWithDebInfo|x64.Build.0 = RelWithDebInfo|x64
		{9A2355BA-CAA9-3D02-A340-F2532FC09C8B}.Debug|x64.ActiveCfg = Debug|x64
		{9A2355BA-CAA9-3D02-A340-F2532FC09C8B}.Debug|x64.Build.0 = Debug|x64
		{9A2355BA-CAA9-3D02-A340-F2532FC09C8B}.Release|x64.ActiveCfg = Release|x64
		{9A2355BA-CAA9-3D02-A340-F2532FC09C8B}.Release|x64.Build.0 = Release|x64
		{9A2355BA-CAA9-3D02-A340-F2532FC09C8B}.MinSizeRel|x64.ActiveCfg = MinSizeRel|x64
		{9A2355BA-CAA9-3D02-A340-F2532FC09C8B}.MinSizeRel|x64.Build.0 = MinSizeRel|x64
		{9A2355BA-CAA9-3D02-A340-F2532FC09C8B}.RelWithDebInfo|x64.ActiveCfg = RelWithDebInfo|x64
		{9A2355BA-CAA9-3D02-A340-F2532FC09C8B}.RelWithDebInfo|x64.Build.0 = RelWithDebInfo|x64
		{A3BFFA4F-4DD4-3A13-9311-33F149E6355E}.Debug|x64.ActiveCfg = Debug|x64
		{A3BFFA4F-4DD4-3A13-9311-33F149E6355E}.Debug|x64.Build.0 = Debug|x64
		{A3BFFA4F-4DD4-3A13-9311-33F149E6355E}.Release|x64.ActiveCfg = Release|x64
		{A3BFFA4F-4DD4-3A13-9311-33F149E6355E}.Release|x64.Build.0 = Release|x64
		{A3BFFA4F-4DD4-3A13-9311-33F149E6355E}.MinSizeRel|x64.ActiveCfg = MinSizeRel|x64
		{A3BFFA4F-4DD4-3A13-9311-33F149E6355E}.MinSizeRel|x64.Build.0 = MinSizeRel|x64
		{A3BFFA4F-4DD4-3A13-9311-33F149E6355E}.RelWithDebInfo|x64.ActiveCfg = RelWithDebInfo|x64
		{A3BFFA4F-4DD4-3A13-9311-33F149E6355E}.RelWithDebInfo|x64.Build.0 = RelWithDebInfo|x64
		{45B80245-C0C1-3173-9F73-9E6210232E6C}.Debug|x64.ActiveCfg = Debug|x64
		{45B80245-C0C1-3173-9F73-9E6210232E6C}.Debug|x64.Build.0 = Debug|x64
		{45B80245-C0C1-3173-9F73-9E6210232E6C}.Release|x64.ActiveCfg = Release|x64
		{45B80245-C0C1-3173-9F73-9E6210232E6C}.Release|x64.Build.0 = Release|x64
		{45B80245-C0C1-3173-9F73-9E6210232E6C}.MinSizeRel|x64.ActiveCfg = MinSizeRel|x64
		{45B80245-C0C1-3173-9F73-9E6210232E6C}.MinSizeRel|x64.Build.0 = MinSizeRel|x64
		{45B80245-C0C1-3173-9F73-9E6210232E6C}.RelWithDebInfo|x64.ActiveCfg = RelWithDebInfo|x64
		{45B80245-C0C1-3173-9F73-9E6210232E6C}.RelWithDebInfo|x64.Build.0 = RelWithDebInfo|x64
		{BEC0C1C0-EE94-3F89-874E-D80D00460B73}.Debug|x64.ActiveCfg = Debug|x64
		{BEC0C1C0-EE94-3F89-874E-D80D00460B73}.Debug|x64.Build.0 = Debug|x64
		{BEC0C1C0-EE94-3F89-874E-D80D00460B73}.Release|x64.ActiveCfg = Release|x64
		{BEC0C1C0-EE94-3F89-874E-D80D00460B73}.Release|x64.Build.0 = Release|x64
		{BEC0C1C0-EE94-3F89-874E-D80D00460B73}.MinSizeRel|x64.ActiveCfg = MinSizeRel|x64
		{BEC0C1C0-EE94-3F89-874E-D80D00460B73}.MinSizeRel|x64.Build.0 = MinSizeRel|x64
		{BEC0C1C0-EE94-3F89-874E-D80D00460B73}.RelWithDebInfo|x64.ActiveCfg = RelWithDebInfo|x64
		{BEC0C1C0-EE94-3F89-874E-D80D00460B73}.RelWithDebInfo|x64.Build.0 = RelWithDebInfo|x64
		{D708EABE-80EA-361F-A52E-A810E2C60877}.Debug|x64.ActiveCfg = Debug|x64
		{D708EABE-80EA-361F-A52E-A810E2C60877}.Debug|x64.Build.0 = Debug|x64
		{D708EABE-80EA-361F-A52E-A810E2C60877}.Release|x64.ActiveCfg = Release|x64
		{D708EABE-80EA-361F-A52E-A810E2C60877}.Release|x64.Build.0 = Release|x64
		{D708EABE-80EA-361F-A52E-A810E2C60877}.MinSizeRel|x64.ActiveCfg = MinSizeRel|x64
		{D708EABE-80EA-361F-A52E-A810E2C60877}.MinSizeRel|x64.Build.0 = MinSizeRel|x64
		{D708EABE-80EA-361F-A52E-A810E2C60877}.RelWithDebInfo|x64.ActiveCfg = RelWithDebInfo|x64
		{D708EABE-80EA-361F-A52E-A810E2C60877}.RelWithDebInfo|x64.Build.0 = RelWithDebInfo|x64
		{809DDED0-E465-3ABC-9C1A-BE5EFBE70A16}.Debug|x64.ActiveCfg = Debug|x64
		{809DDED0-E465-3ABC-9C1A-BE5EFBE70A16}.Debug|x64.Build.0 = Debug|x64
		{809DDED0-E465-3ABC-9C1A-BE5EFBE70A16}.Release|x64.ActiveCfg = Release|x64
		{809DDED0-E465-3ABC-9C1A-BE5EFBE70A16}.Release|x64.Build.0 = Release|x64
		{809DDED0-E465-3ABC-9C1A-BE5EFBE70A16}.MinSizeRel|x64.ActiveCfg = MinSizeRel|x64
		{809DDED0-E465-3ABC-9C1A-BE5EFBE70A16}.MinSizeRel|x64.Build.0 = MinSizeRel|x64
		{809DDED0-E465-3ABC-9C1A-BE5EFBE70A16}.RelWithDebInfo|x64.ActiveCfg = RelWithDebInfo|x64
		{809DDED0-E465-3ABC-9C1A-BE5EFBE70A16}.RelWithDebInfo|x64.Build.0 = RelWithDebInfo|x64
		{B8D37967-475E-3502-8BC7-27EE67362727}.Debug|x64.ActiveCfg = Debug|x64
		{B8D37967-475E-3502-8BC7-27EE67362727}.Debug|x64.Build.0 = Debug|x64
		{B8D37967-475E-3502-8BC7-27EE67362727}.Release|x64.ActiveCfg = Release|x64
		{B8D37967-475E-3502-8BC7-27EE67362727}.Release|x64.Build.0 = Release|x64
		{B8D37967-475E-3502-8BC7-27EE67362727}.MinSizeRel|x64.ActiveCfg = MinSizeRel|x64
		{B8D37967-475E-3502-8BC7-27EE67362727}.MinSizeRel|x64.Build.0 = MinSizeRel|x64
		{B8D37967-475E-3502-8BC7-27EE67362727}.RelWithDebInfo|x64.ActiveCfg = RelWithDebInfo|x64
		{B8D37967-475E-3502-8BC7-27EE67362727}.RelWithDebInfo|x64.Build.0 = RelWithDebInfo|x64
		{2397513F-253E-35CD-9778-300CF6FE4BF0}.Debug|x64.ActiveCfg = Debug|x64
		{2397513F-253E-35CD-9778-300CF6FE4BF0}.Debug|x64.Build.0 = Debug|x64
		{2397513F-253E-35CD-9778-300CF6FE4BF0}.Release|x64.ActiveCfg = Release|x64
		{2397513F-253E-35CD-9778-300CF6FE4BF0}.Release|x64.Build.0 = Release|x64
		{2397513F-253E-35CD-9778-300CF6FE4BF0}.MinSizeRel|x64.ActiveCfg = MinSizeRel|x64
		{2397513F-253E-35CD-9778-300CF6FE4BF0}.MinSizeRel|x64.Build.0 = MinSizeRel|x64
		{2397513F-253E-35CD-9778-300CF6FE4BF0}.RelWithDebInfo|x64.ActiveCfg = RelWithDebInfo|x64
		{2397513F-253E-35CD-9778-300CF6FE4BF0}.RelWithDebInfo|x64.Build.0 = RelWithDebInfo|x64
		{A22DA8E7-D835-3FE6-8B06-DF30FD07AF30}.Debug|x64.ActiveCfg = Debug|x64
		{A22DA8E7-D835-3FE6-8B06-DF30FD07AF30}.Debug|x64.Build.0 = Debug|x64
		{A22DA8E7-D835-3FE6-8B06-DF30FD07AF30}.Release|x64.ActiveCfg = Release|x64
		{A22DA8E7-D835-3FE6-8B06-DF30FD07AF30}.Release|x64.Build.0 = Release|x64
		{A22DA8E7-D835-3FE6-8B06-DF30FD07AF30}.MinSizeRel|x64.ActiveCfg = MinSizeRel|x64
		{A22DA8E7-D835-3FE6-8B06-DF30FD07AF30}.MinSizeRel|x64.Build.0 = MinSizeRel|x64
		{A22DA8E7-D835-3FE6-8B06-DF30FD07AF30}.RelWithDebInfo|x64.ActiveCfg = RelWithDebInfo|x64
		{A22DA8E7-D835-3FE6-8B06-DF30FD07AF30}.RelWithDebInfo|x64.Build.0 = RelWithDebInfo|x64
		{740659D5-3BC5-3CD4-ADC1-DD0B6F2CE99D}.Debug|x64.ActiveCfg = Debug|x64
		{740659D5-3BC5-3CD4-ADC1-DD0B6F2CE99D}.Debug|x64.Build.0 = Debug|x64
		{740659D5-3BC5-3CD4-ADC1-DD0B6F2CE99D}.Release|x64.ActiveCfg = Release|x64
		{740659D5-3BC5-3CD4-ADC1-DD0B6F2CE99D}.Release|x64.Build.0 = Release|x64
		{740659D5-3BC5-3CD4-ADC1-DD0B6F2CE99D}.MinSizeRel|x64.ActiveCfg = MinSizeRel|x64
		{740659D5-3BC5-3CD4-ADC1-DD0B6F2CE99D}.MinSizeRel|x64.Build.0 = MinSizeRel|x64
		{740659D5-3BC5-3CD4-ADC1-DD0B6F2CE99D}.RelWithDebInfo|x64.ActiveCfg = RelWithDebInfo|x64
		{740659D5-3BC5-3CD4-ADC1-DD0B6F2CE99D}.RelWithDebInfo|x64.Build.0 = RelWithDebInfo|x64
		{F6062649-8129-3883-BC2E-59E7D2A90BE8}.Debug|x64.ActiveCfg = Debug|x64
		{F6062649-8129-3883-BC2E-59E7D2A90BE8}.Debug|x64.Build.0 = Debug|x64
		{F6062649-8129-3883-BC2E-59E7D2A90BE8}.Release|x64.ActiveCfg = Release|x64
		{F6062649-8129-3883-BC2E-59E7D2A90BE8}.Release|x64.Build.0 = Release|x64
		{F6062649-8129-3883-BC2E-59E7D2A90BE8}.MinSizeRel|x64.ActiveCfg = MinSizeRel|x64
		{F6062649-8129-3883-BC2E-59E7D2A90BE8}.MinSizeRel|x64.Build.0 = MinSizeRel|x64
		{F6062649-8129-3883-BC2E-59E7D2A90BE8}.RelWithDebInfo|x64.ActiveCfg = RelWithDebInfo|x64
		{F6062649-8129-3883-BC2E-59E7D2A90BE8}.RelWithDebInfo|x64.Build.0 = RelWithDebInfo|x64
		{E7993BB6-AEDE-3B54-862A-C2E5AA042E16}.Debug|x64.ActiveCfg = Debug|x64
		{E7993BB6-AEDE-3B54-862A-C2E5AA042E16}.Debug|x64.Build.0 = Debug|x64
		{E7993BB6-AEDE-3B54-862A-C2E5AA042E16}.Release|x64.ActiveCfg = Release|x64
		{E7993BB6-AEDE-3B54-862A-C2E5AA042E16}.Release|x64.Build.0 = Release|x64
		{E7993BB6-AEDE-3B54-862A-C2E5AA042E16}.MinSizeRel|x64.ActiveCfg = MinSizeRel|x64
		{E7993BB6-AEDE-3B54-862A-C2E5AA042E16}.MinSizeRel|x64.Build.0 = MinSizeRel|x64
		{E7993BB6-AEDE-3B54-862A-C2E5AA042E16}.RelWithDebInfo|x64.ActiveCfg = RelWithDebInfo|x64
		{E7993BB6-AEDE-3B54-862A-C2E5AA042E16}.RelWithDebInfo|x64.Build.0 = RelWithDebInfo|x64
		{EA50B499-4062-31E3-874E-6776AB741D2C}.Debug|x64.ActiveCfg = Debug|x64
		{EA50B499-4062-31E3-874E-6776AB741D2C}.Debug|x64.Build.0 = Debug|x64
		{EA50B499-4062-31E3-874E-6776AB741D2C}.Release|x64.ActiveCfg = Release|x64
		{EA50B499-4062-31E3-874E-6776AB741D2C}.Release|x64.Build.0 = Release|x64
		{EA50B499-4062-31E3-874E-6776AB741D2C}.MinSizeRel|x64.ActiveCfg = MinSizeRel|x64
		{EA50B499-4062-31E3-874E-6776AB741D2C}.MinSizeRel|x64.Build.0 = MinSizeRel|x64
		{EA50B499-4062-31E3-874E-6776AB741D2C}.RelWithDebInfo|x64.ActiveCfg = RelWithDebInfo|x64
		{EA50B499-4062-31E3-874E-6776AB741D2C}.RelWithDebInfo|x64.Build.0 = RelWithDebInfo|x64
		{FF2A14B2-9E1D-33B1-A2C0-D83F75B83AE6}.Debug|x64.ActiveCfg = Debug|x64
		{FF2A14B2-9E1D-33B1-A2C0-D83F75B83AE6}.Debug|x64.Build.0 = Debug|x64
		{FF2A14B2-9E1D-33B1-A2C0-D83F75B83AE6}.Release|x64.ActiveCfg = Release|x64
		{FF2A14B2-9E1D-33B1-A2C0-D83F75B83AE6}.Release|x64.Build.0 = Release|x64
		{FF2A14B2-9E1D-33B1-A2C0-D83F75B83AE6}.MinSizeRel|x64.ActiveCfg = MinSizeRel|x64
		{FF2A14B2-9E1D-33B1-A2C0-D83F75B83AE6}.MinSizeRel|x64.Build.0 = MinSizeRel|x64
		{FF2A14B2-9E1D-33B1-A2C0-D83F75B83AE6}.RelWithDebInfo|x64.ActiveCfg = RelWithDebInfo|x64
		{FF2A14B2-9E1D-33B1-A2C0-D83F75B83AE6}.RelWithDebInfo|x64.Build.0 = RelWithDebInfo|x64
		{6CC700E1-F7A3-3E50-913A-FE806A76DACB}.Debug|x64.ActiveCfg = Debug|x64
		{6CC700E1-F7A3-3E50-913A-FE806A76DACB}.Debug|x64.Build.0 = Debug|x64
		{6CC700E1-F7A3-3E50-913A-FE806A76DACB}.Release|x64.ActiveCfg = Release|x64
		{6CC700E1-F7A3-3E50-913A-FE806A76DACB}.Release|x64.Build.0 = Release|x64
		{6CC700E1-F7A3-3E50-913A-FE806A76DACB}.MinSizeRel|x64.ActiveCfg = MinSizeRel|x64
		{6CC700E1-F7A3-3E50-913A-FE806A76DACB}.MinSizeRel|x64.Build.0 = MinSizeRel|x64
		{6CC700E1-F7A3-3E50-913A-FE806A76DACB}.RelWithDebInfo|x64.ActiveCfg = RelWithDebInfo|x64
		{6CC700E1-F7A3-3E50-913A-FE806A76DACB}.RelWithDebInfo|x64.Build.0 = RelWithDebInfo|x64
		{CB5354DC-25AD-330B-931F-55A03F0450E9}.Debug|x64.ActiveCfg = Debug|x64
		{CB5354DC-25AD-330B-931F-55A03F0450E9}.Debug|x64.Build.0 = Debug|x64
		{CB5354DC-25AD-330B-931F-55A03F0450E9}.Release|x64.ActiveCfg = Release|x64
		{CB5354DC-25AD-330B-931F-55A03F0450E9}.Release|x64.Build.0 = Release|x64
		{CB5354DC-25AD-330B-931F-55A03F0450E9}.MinSizeRel|x64.ActiveCfg = MinSizeRel|x64
		{CB5354DC-25AD-330B-931F-55A03F0450E9}.MinSizeRel|x64.Build.0 = MinSizeRel|x64
		{CB5354DC-25AD-330B-931F-55A03F0450E9}.RelWithDebInfo|x64.ActiveCfg = RelWithDebInfo|x64
		{CB5354DC-25AD-330B-931F-55A03F0450E9}.RelWithDebInfo|x64.Build.0 = RelWithDebInfo|x64
		{E0556E0A-8581-32A9-B2BD-9CE78A64A483}.Debug|x64.ActiveCfg = Debug|x64
		{E0556E0A-8581-32A9-B2BD-9CE78A64A483}.Debug|x64.Build.0 = Debug|x64
		{E0556E0A-8581-32A9-B2BD-9CE78A64A483}.Release|x64.ActiveCfg = Release|x64
		{E0556E0A-8581-32A9-B2BD-9CE78A64A483}.Release|x64.Build.0 = Release|x64
		{E0556E0A-8581-32A9-B2BD-9CE78A64A483}.MinSizeRel|x64.ActiveCfg = MinSizeRel|x64
		{E0556E0A-8581-32A9-B2BD-9CE78A64A483}.MinSizeRel|x64.Build.0 = MinSizeRel|x64
		{E0556E0A-8581-32A9-B2BD-9CE78A64A483}.RelWithDebInfo|x64.ActiveCfg = RelWithDebInfo|x64
		{E0556E0A-8581-32A9-B2BD-9CE78A64A483}.RelWithDebInfo|x64.Build.0 = RelWithDebInfo|x64
		{937F54B6-E694-37BF-98CF-EBE9B44C5426}.Debug|x64.ActiveCfg = Debug|x64
		{937F54B6-E694-37BF-98CF-EBE9B44C5426}.Debug|x64.Build.0 = Debug|x64
		{937F54B6-E694-37BF-98CF-EBE9B44C5426}.Release|x64.ActiveCfg = Release|x64
		{937F54B6-E694-37BF-98CF-EBE9B44C5426}.Release|x64.Build.0 = Release|x64
		{937F54B6-E694-37BF-98CF-EBE9B44C5426}.MinSizeRel|x64.ActiveCfg = MinSizeRel|x64
		{937F54B6-E694-37BF-98CF-EBE9B44C5426}.MinSizeRel|x64.Build.0 = MinSizeRel|x64
		{937F54B6-E694-37BF-98CF-EBE9B44C5426}.RelWithDebInfo|x64.ActiveCfg = RelWithDebInfo|x64
		{937F54B6-E694-37BF-98CF-EBE9B44C5426}.RelWithDebInfo|x64.Build.0 = RelWithDebInfo|x64
		{D7462CFA-A173-3AFF-8C31-2D43C905E3AF}.Debug|x64.ActiveCfg = Debug|x64
		{D7462CFA-A173-3AFF-8C31-2D43C905E3AF}.Debug|x64.Build.0 = Debug|x64
		{D7462CFA-A173-3AFF-8C31-2D43C905E3AF}.Release|x64.ActiveCfg = Release|x64
		{D7462CFA-A173-3AFF-8C31-2D43C905E3AF}.Release|x64.Build.0 = Release|x64
		{D7462CFA-A173-3AFF-8C31-2D43C905E3AF}.MinSizeRel|x64.ActiveCfg = MinSizeRel|x64
		{D7462CFA-A173-3AFF-8C31-2D43C905E3AF}.MinSizeRel|x64.Build.0 = MinSizeRel|x64
		{D7462CFA-A173-3AFF-8C31-2D43C905E3AF}.RelWithDebInfo|x64.ActiveCfg = RelWithDebInfo|x64
		{D7462CFA-A173-3AFF-8C31-2D43C905E3AF}.RelWithDebInfo|x64.Build.0 = RelWithDebInfo|x64
		{0AB0AF5C-0AF2-398C-927B-81541252BFDB}.Debug|x64.ActiveCfg = Debug|x64
		{0AB0AF5C-0AF2-398C-927B-81541252BFDB}.Release|x64.ActiveCfg = Release|x64
		{0AB0AF5C-0AF2-398C-927B-81541252BFDB}.MinSizeRel|x64.ActiveCfg = MinSizeRel|x64
		{0AB0AF5C-0AF2-398C-927B-81541252BFDB}.RelWithDebInfo|x64.ActiveCfg = RelWithDebInfo|x64
		{416978DD-5749-3FDD-B770-E14C766C4C03}.Debug|x64.ActiveCfg = Debug|x64
		{416978DD-5749-3FDD-B770-E14C766C4C03}.Debug|x64.Build.0 = Debug|x64
		{416978DD-5749-3FDD-B770-E14C766C4C03}.Release|x64.ActiveCfg = Release|x64
		{416978DD-5749-3FDD-B770-E14C766C4C03}.Release|x64.Build.0 = Release|x64
		{416978DD-5749-3FDD-B770-E14C766C4C03}.MinSizeRel|x64.ActiveCfg = MinSizeRel|x64
		{416978DD-5749-3FDD-B770-E14C766C4C03}.MinSizeRel|x64.Build.0 = MinSizeRel|x64
		{416978DD-5749-3FDD-B770-E14C766C4C03}.RelWithDebInfo|x64.ActiveCfg = RelWithDebInfo|x64
		{416978DD-5749-3FDD-B770-E14C766C4C03}.RelWithDebInfo|x64.Build.0 = RelWithDebInfo|x64
		{E97DF51E-6768-3C26-B5F1-B4AF3BD02A03}.Debug|x64.ActiveCfg = Debug|x64
		{E97DF51E-6768-3C26-B5F1-B4AF3BD02A03}.Debug|x64.Build.0 = Debug|x64
		{E97DF51E-6768-3C26-B5F1-B4AF3BD02A03}.Release|x64.ActiveCfg = Release|x64
		{E97DF51E-6768-3C26-B5F1-B4AF3BD02A03}.Release|x64.Build.0 = Release|x64
		{E97DF51E-6768-3C26-B5F1-B4AF3BD02A03}.MinSizeRel|x64.ActiveCfg = MinSizeRel|x64
		{E97DF51E-6768-3C26-B5F1-B4AF3BD02A03}.MinSizeRel|x64.Build.0 = MinSizeRel|x64
		{E97DF51E-6768-3C26-B5F1-B4AF3BD02A03}.RelWithDebInfo|x64.ActiveCfg = RelWithDebInfo|x64
		{E97DF51E-6768-3C26-B5F1-B4AF3BD02A03}.RelWithDebInfo|x64.Build.0 = RelWithDebInfo|x64
		{734AA9A9-0238-311B-A95A-F8189F51A980}.Debug|x64.ActiveCfg = Debug|x64
		{734AA9A9-0238-311B-A95A-F8189F51A980}.Release|x64.ActiveCfg = Release|x64
		{734AA9A9-0238-311B-A95A-F8189F51A980}.MinSizeRel|x64.ActiveCfg = MinSizeRel|x64
		{734AA9A9-0238-311B-A95A-F8189F51A980}.RelWithDebInfo|x64.ActiveCfg = RelWithDebInfo|x64
		{DAE8E64F-EE99-34C2-8085-9F83537A85F0}.Debug|x64.ActiveCfg = Debug|x64
		{DAE8E64F-EE99-34C2-8085-9F83537A85F0}.Debug|x64.Build.0 = Debug|x64
		{DAE8E64F-EE99-34C2-8085-9F83537A85F0}.Release|x64.ActiveCfg = Release|x64
		{DAE8E64F-EE99-34C2-8085-9F83537A85F0}.Release|x64.Build.0 = Release|x64
		{DAE8E64F-EE99-34C2-8085-9F83537A85F0}.MinSizeRel|x64.ActiveCfg = MinSizeRel|x64
		{DAE8E64F-EE99-34C2-8085-9F83537A85F0}.MinSizeRel|x64.Build.0 = MinSizeRel|x64
		{DAE8E64F-EE99-34C2-8085-9F83537A85F0}.RelWithDebInfo|x64.ActiveCfg = RelWithDebInfo|x64
		{DAE8E64F-EE99-34C2-8085-9F83537A85F0}.RelWithDebInfo|x64.Build.0 = RelWithDebInfo|x64
		{09D7DB18-0306-3862-9EA4-D8B02EB4873C}.Debug|x64.ActiveCfg = Debug|x64
		{09D7DB18-0306-3862-9EA4-D8B02EB4873C}.Debug|x64.Build.0 = Debug|x64
		{09D7DB18-0306-3862-9EA4-D8B02EB4873C}.Release|x64.ActiveCfg = Release|x64
		{09D7DB18-0306-3862-9EA4-D8B02EB4873C}.Release|x64.Build.0 = Release|x64
		{09D7DB18-0306-3862-9EA4-D8B02EB4873C}.MinSizeRel|x64.ActiveCfg = MinSizeRel|x64
		{09D7DB18-0306-3862-9EA4-D8B02EB4873C}.MinSizeRel|x64.Build.0 = MinSizeRel|x64
		{09D7DB18-0306-3862-9EA4-D8B02EB4873C}.RelWithDebInfo|x64.ActiveCfg = RelWithDebInfo|x64
		{09D7DB18-0306-3862-9EA4-D8B02EB4873C}.RelWithDebInfo|x64.Build.0 = RelWithDebInfo|x64
		{0DC3CE77-A77C-3A93-8699-8815A0F5B97F}.Debug|x64.ActiveCfg = Debug|x64
		{0DC3CE77-A77C-3A93-8699-8815A0F5B97F}.Debug|x64.Build.0 = Debug|x64
		{0DC3CE77-A77C-3A93-8699-8815A0F5B97F}.Release|x64.ActiveCfg = Release|x64
		{0DC3CE77-A77C-3A93-8699-8815A0F5B97F}.Release|x64.Build.0 = Release|x64
		{0DC3CE77-A77C-3A93-8699-8815A0F5B97F}.MinSizeRel|x64.ActiveCfg = MinSizeRel|x64
		{0DC3CE77-A77C-3A93-8699-8815A0F5B97F}.MinSizeRel|x64.Build.0 = MinSizeRel|x64
		{0DC3CE77-A77C-3A93-8699-8815A0F5B97F}.RelWithDebInfo|x64.ActiveCfg = RelWithDebInfo|x64
		{0DC3CE77-A77C-3A93-8699-8815A0F5B97F}.RelWithDebInfo|x64.Build.0 = RelWithDebInfo|x64
		{430AD7A8-0D6B-3C78-86EF-D1CC9E3FA79A}.Debug|x64.ActiveCfg = Debug|x64
		{430AD7A8-0D6B-3C78-86EF-D1CC9E3FA79A}.Debug|x64.Build.0 = Debug|x64
		{430AD7A8-0D6B-3C78-86EF-D1CC9E3FA79A}.Release|x64.ActiveCfg = Release|x64
		{430AD7A8-0D6B-3C78-86EF-D1CC9E3FA79A}.Release|x64.Build.0 = Release|x64
		{430AD7A8-0D6B-3C78-86EF-D1CC9E3FA79A}.MinSizeRel|x64.ActiveCfg = MinSizeRel|x64
		{430AD7A8-0D6B-3C78-86EF-D1CC9E3FA79A}.MinSizeRel|x64.Build.0 = MinSizeRel|x64
		{430AD7A8-0D6B-3C78-86EF-D1CC9E3FA79A}.RelWithDebInfo|x64.ActiveCfg = RelWithDebInfo|x64
		{430AD7A8-0D6B-3C78-86EF-D1CC9E3FA79A}.RelWithDebInfo|x64.Build.0 = RelWithDebInfo|x64
		{BB65AA74-2CE2-3A17-AA3A-1B3941D3EA46}.Debug|x64.ActiveCfg = Debug|x64
		{BB65AA74-2CE2-3A17-AA3A-1B3941D3EA46}.Debug|x64.Build.0 = Debug|x64
		{BB65AA74-2CE2-3A17-AA3A-1B3941D3EA46}.Release|x64.ActiveCfg = Release|x64
		{BB65AA74-2CE2-3A17-AA3A-1B3941D3EA46}.Release|x64.Build.0 = Release|x64
		{BB65AA74-2CE2-3A17-AA3A-1B3941D3EA46}.MinSizeRel|x64.ActiveCfg = MinSizeRel|x64
		{BB65AA74-2CE2-3A17-AA3A-1B3941D3EA46}.MinSizeRel|x64.Build.0 = MinSizeRel|x64
		{BB65AA74-2CE2-3A17-AA3A-1B3941D3EA46}.RelWithDebInfo|x64.ActiveCfg = RelWithDebInfo|x64
		{BB65AA74-2CE2-3A17-AA3A-1B3941D3EA46}.RelWithDebInfo|x64.Build.0 = RelWithDebInfo|x64
		{1BF019A8-3159-3BE6-B5D4-2BC27F181E79}.Debug|x64.ActiveCfg = Debug|x64
		{1BF019A8-3159-3BE6-B5D4-2BC27F181E79}.Debug|x64.Build.0 = Debug|x64
		{1BF019A8-3159-3BE6-B5D4-2BC27F181E79}.Release|x64.ActiveCfg = Release|x64
		{1BF019A8-3159-3BE6-B5D4-2BC27F181E79}.Release|x64.Build.0 = Release|x64
		{1BF019A8-3159-3BE6-B5D4-2BC27F181E79}.MinSizeRel|x64.ActiveCfg = MinSizeRel|x64
		{1BF019A8-3159-3BE6-B5D4-2BC27F181E79}.MinSizeRel|x64.Build.0 = MinSizeRel|x64
		{1BF019A8-3159-3BE6-B5D4-2BC27F181E79}.RelWithDebInfo|x64.ActiveCfg = RelWithDebInfo|x64
		{1BF019A8-3159-3BE6-B5D4-2BC27F181E79}.RelWithDebInfo|x64.Build.0 = RelWithDebInfo|x64
	EndGlobalSection
	GlobalSection(ExtensibilityGlobals) = postSolution
		SolutionGuid = {5D77A858-EED9-3F16-B5BC-525AFD6915A7}
	EndGlobalSection
	GlobalSection(ExtensibilityAddIns) = postSolution
	EndGlobalSection
EndGlobal
