<?xml version="1.0" encoding="utf-8"?>
<Project ToolsVersion="17.0" xmlns="http://schemas.microsoft.com/developer/msbuild/2003">
  <ItemGroup>
    <CustomBuild Include="E:\tiff_VS2022\build_vs2022\CMakeFiles\88266bbf793958ff353b7af03972a2dd\RUN_TESTS_force.rule">
      <Filter>CMake Rules</Filter>
    </CustomBuild>
  </ItemGroup>
  <ItemGroup>
    <Filter Include="CMake Rules">
      <UniqueIdentifier>{21DFBA2F-3702-3E00-85B7-8E6E28602C3A}</UniqueIdentifier>
    </Filter>
  </ItemGroup>
</Project>
